{
  "lockfileVersion": 1,
  "workspaces": {
    "": {
      "name": "@effective-agents/cli",
      "dependencies": {
        "@effect/cli": "0.63.8",
        "@effect/platform": "0.84.8",
        "@effect/platform-node": "0.85.8",
        "@effect/printer": "0.44.4",
        "@effect/printer-ansi": "0.44.4",
        "effect": "3.16.4",
      },
      "devDependencies": {
        "@biomejs/biome": "1.6.1",
        "@types/node": "20.11.30",
        "typescript": "5.4.3",
        "vitest": "1.4.0",
      },
    },
  },
  "packages": {
    "@biomejs/biome": ["@biomejs/biome@1.6.1", "", { "optionalDependencies": { "@biomejs/cli-darwin-arm64": "1.6.1", "@biomejs/cli-darwin-x64": "1.6.1", "@biomejs/cli-linux-arm64": "1.6.1", "@biomejs/cli-linux-arm64-musl": "1.6.1", "@biomejs/cli-linux-x64": "1.6.1", "@biomejs/cli-linux-x64-musl": "1.6.1", "@biomejs/cli-win32-arm64": "1.6.1", "@biomejs/cli-win32-x64": "1.6.1" }, "bin": { "biome": "bin/biome" } }, "sha512-SILQvA2S0XeaOuu1bivv6fQmMo7zMfr2xqDEN+Sz78pGbAKZnGmg0emsXjQWoBY/RVm9kPCgX+aGEpZZTYaM7w=="],

    "@biomejs/cli-darwin-arm64": ["@biomejs/cli-darwin-arm64@1.6.1", "", { "os": "darwin", "cpu": "arm64" }, "sha512-KlvY00iB9T/vFi4m/GXxEyYkYnYy6aw06uapzUIIdiMMj7I/pmZu7CsZlzWdekVD0j+SsQbxdZMsb0wPhnRSsg=="],

    "@biomejs/cli-darwin-x64": ["@biomejs/cli-darwin-x64@1.6.1", "", { "os": "darwin", "cpu": "x64" }, "sha512-jP4E8TXaQX5e3nvRJSzB+qicZrdIDCrjR0sSb1DaDTx4JPZH5WXq/BlTqAyWi3IijM+IYMjWqAAK4kOHsSCzxw=="],

    "@biomejs/cli-linux-arm64": ["@biomejs/cli-linux-arm64@1.6.1", "", { "os": "linux", "cpu": "arm64" }, "sha512-nxD1UyX3bWSl/RSKlib/JsOmt+652/9yieogdSC/UTLgVCZYOF7u8L/LK7kAa0Y4nA8zSPavAQTgko7mHC2ObA=="],

    "@biomejs/cli-linux-arm64-musl": ["@biomejs/cli-linux-arm64-musl@1.6.1", "", { "os": "linux", "cpu": "arm64" }, "sha512-YdkDgFecdHJg7PJxAMaZIixVWGB6St4yH08BHagO0fEhNNiY8cAKEVo2mcXlsnEiTMpeSEAY9VxLUrVT3IVxpw=="],

    "@biomejs/cli-linux-x64": ["@biomejs/cli-linux-x64@1.6.1", "", { "os": "linux", "cpu": "x64" }, "sha512-BYAzenlMF3QdngjNFw9QVBXKGNzeecqwF3pwDgUGEvU7OJpn1/lyVkJVxYPtVGRNdjQ9e6l/s8NjKuBpW/ZR4Q=="],

    "@biomejs/cli-linux-x64-musl": ["@biomejs/cli-linux-x64-musl@1.6.1", "", { "os": "linux", "cpu": "x64" }, "sha512-aSISIDmxq04NNy7tm4x9rBk2vH0ub2VDIE4outEmdC2LBtEJoINiphlZagx/FvjbsqUfygent9QUSn0oREnAXg=="],

    "@biomejs/cli-win32-arm64": ["@biomejs/cli-win32-arm64@1.6.1", "", { "os": "win32", "cpu": "arm64" }, "sha512-/eCHQKZ1kEawUpkSuXq4urtxMsD1P1678OPG3zNKt3ru16AqqspLdO3jzBe3k74xCPYnQ36e9Yqc97Mo0qgPtg=="],

    "@biomejs/cli-win32-x64": ["@biomejs/cli-win32-x64@1.6.1", "", { "os": "win32", "cpu": "x64" }, "sha512-5TUZbzBwnDLFxLVGEPsorNi6eC2Gt+z4Oei9Qvq0M/4c4/mjZ96ABgwao/tMxf4ZBr/qyy2YdvF+gX9Rc+xC0A=="],

    "@effect/cli": ["@effect/cli@0.63.8", "", { "dependencies": { "ini": "^4.1.3", "toml": "^3.0.0", "yaml": "^2.5.0" }, "peerDependencies": { "@effect/platform": "^0.84.8", "@effect/printer": "^0.44.4", "@effect/printer-ansi": "^0.44.4", "effect": "^3.16.4" } }, "sha512-RpQzqKPpEaTExjlnsGW5r0oSWwQiDKg2mfjU0EseCbr0yNgL1XgJPMAFCkuy7T3xK2tv827o8RBOGNGIEx6LFg=="],

    "@effect/cluster": ["@effect/cluster@0.38.8", "", { "peerDependencies": { "@effect/platform": "^0.84.8", "@effect/rpc": "^0.61.8", "@effect/sql": "^0.37.9", "@effect/workflow": "^0.1.6", "effect": "^3.16.4" } }, "sha512-Wn7tK7jMqHqnBqWcf1ARV2WbzfIjHBzFVOeLeDi/9e58+Asc8XQulD2z2rq3x0tn37foyauAYFOIsgVYOLO4nQ=="],

    "@effect/experimental": ["@effect/experimental@0.48.9", "", { "dependencies": { "uuid": "^11.0.3" }, "peerDependencies": { "@effect/platform": "^0.84.8", "effect": "^3.16.4", "ioredis": "^5", "lmdb": "^3" }, "optionalPeers": ["ioredis", "lmdb"] }, "sha512-YBK5vxMk51wKkmP/4SgyHV/y8pd76wg79kV3lDie6T9Vz5sI4vJmEuYuf8zzUQU0uPeBp/Sq94RBgjaykV97FA=="],

    "@effect/platform": ["@effect/platform@0.84.8", "", { "dependencies": { "find-my-way-ts": "^0.1.5", "msgpackr": "^1.11.4", "multipasta": "^0.2.5" }, "peerDependencies": { "effect": "^3.16.4" } }, "sha512-tH4e4FbOtGIzEAD0JFkW6I2ytXTFKG6Zr+iL3Cq2gXbrhhIwZuu8lmFMddrWwsQS83yKs0gToM/IGxhzkBNTOQ=="],

    "@effect/platform-node": ["@effect/platform-node@0.85.8", "", { "dependencies": { "@effect/platform-node-shared": "^0.39.8", "mime": "^3.0.0", "undici": "^7.10.0", "ws": "^8.18.2" }, "peerDependencies": { "@effect/cluster": "^0.38.8", "@effect/platform": "^0.84.8", "@effect/rpc": "^0.61.8", "@effect/sql": "^0.37.9", "effect": "^3.16.4" } }, "sha512-ZayWXb0KHASHiCKc2hvId5HSYow7LMB6jLTWYEod4oPWBVDnKiTkoEMUlilKA9L1glCLJVzHlXDRpcc3Ykv3vA=="],

    "@effect/platform-node-shared": ["@effect/platform-node-shared@0.39.8", "", { "dependencies": { "@parcel/watcher": "^2.5.1", "multipasta": "^0.2.5", "ws": "^8.18.2" }, "peerDependencies": { "@effect/cluster": "^0.38.8", "@effect/platform": "^0.84.8", "@effect/rpc": "^0.61.8", "@effect/sql": "^0.37.9", "effect": "^3.16.4" } }, "sha512-HkFGbWrvyhx2NZB/YOt3fl2XJ3o4zyiJRU9isARYrcRIAwdXmZIqGNii1q6NIV1qi0iEkir0gPDa+PGCUVM2SQ=="],

    "@effect/printer": ["@effect/printer@0.44.4", "", { "peerDependencies": { "@effect/typeclass": "^0.35.4", "effect": "^3.16.4" } }, "sha512-5CKmYxEM0Ogx64BvhFkrBMpP7Ys5us4klvhSSWhEuTGb5Tx/yiXxiTbesLi6rcCrMjGGTkNYGZRAtWBYSqV5SA=="],

    "@effect/printer-ansi": ["@effect/printer-ansi@0.44.4", "", { "dependencies": { "@effect/printer": "^0.44.4" }, "peerDependencies": { "@effect/typeclass": "^0.35.4", "effect": "^3.16.4" } }, "sha512-W5HjYZtaX4ypCkqh+N5pQttb4n2a9KCiM8JMwHYqFcGq/eBC7uiKrUqvv4p52fA+NBbCSCaC6rrN533ifowv3Q=="],

    "@effect/rpc": ["@effect/rpc@0.61.8", "", { "peerDependencies": { "@effect/platform": "^0.84.8", "effect": "^3.16.4" } }, "sha512-OgRiPJY7LCqF1XenkHWRC/iC9o+ZduL0pamNtpXHcAh+1TdSQVYNrpF20dKj+BjM0/FvA3UE9ncU3UhJCNVfyA=="],

    "@effect/sql": ["@effect/sql@0.37.9", "", { "dependencies": { "@opentelemetry/semantic-conventions": "^1.33.0", "uuid": "^11.0.3" }, "peerDependencies": { "@effect/experimental": "^0.48.9", "@effect/platform": "^0.84.8", "effect": "^3.16.4" } }, "sha512-wI7MCyji9RoZ4Pgwa75644qtJ6wWYEknv7lxBdSdLWVmj5T5G+PgA9y3zp5aakqsvo0oRDVxWWSg8xovesfcBA=="],

    "@effect/typeclass": ["@effect/typeclass@0.27.5", "", { "peerDependencies": { "effect": "^3.8.5" } }, "sha512-aJaxq9Rg6l8ZBLM/H6s1SAJwu0vuR80z/LgWCky1HIGtBG8H8tkTwi/vyEzRS1PxHYAe/DvOntmBLfmIkx8Cwg=="],

    "@effect/workflow": ["@effect/workflow@0.1.6", "", { "peerDependencies": { "@effect/platform": "^0.84.8", "@effect/rpc": "^0.61.8", "effect": "^3.16.4" } }, "sha512-bo1JyRxK3I7aZRkIPvGuOerEIL2OMPAH85wIpOmQtlt16HHAdgxjtA0x+glJm4BcL6Z7kPf//zf9IIp9aP0sVw=="],

    "@esbuild/aix-ppc64": ["@esbuild/aix-ppc64@0.21.5", "", { "os": "aix", "cpu": "ppc64" }, "sha512-1SDgH6ZSPTlggy1yI6+Dbkiz8xzpHJEVAlF/AM1tHPLsf5STom9rwtjE4hKAF20FfXXNTFqEYXyJNWh1GiZedQ=="],

    "@esbuild/android-arm": ["@esbuild/android-arm@0.21.5", "", { "os": "android", "cpu": "arm" }, "sha512-vCPvzSjpPHEi1siZdlvAlsPxXl7WbOVUBBAowWug4rJHb68Ox8KualB+1ocNvT5fjv6wpkX6o/iEpbDrf68zcg=="],

    "@esbuild/android-arm64": ["@esbuild/android-arm64@0.21.5", "", { "os": "android", "cpu": "arm64" }, "sha512-c0uX9VAUBQ7dTDCjq+wdyGLowMdtR/GoC2U5IYk/7D1H1JYC0qseD7+11iMP2mRLN9RcCMRcjC4YMclCzGwS/A=="],

    "@esbuild/android-x64": ["@esbuild/android-x64@0.21.5", "", { "os": "android", "cpu": "x64" }, "sha512-D7aPRUUNHRBwHxzxRvp856rjUHRFW1SdQATKXH2hqA0kAZb1hKmi02OpYRacl0TxIGz/ZmXWlbZgjwWYaCakTA=="],

    "@esbuild/darwin-arm64": ["@esbuild/darwin-arm64@0.21.5", "", { "os": "darwin", "cpu": "arm64" }, "sha512-DwqXqZyuk5AiWWf3UfLiRDJ5EDd49zg6O9wclZ7kUMv2WRFr4HKjXp/5t8JZ11QbQfUS6/cRCKGwYhtNAY88kQ=="],

    "@esbuild/darwin-x64": ["@esbuild/darwin-x64@0.21.5", "", { "os": "darwin", "cpu": "x64" }, "sha512-se/JjF8NlmKVG4kNIuyWMV/22ZaerB+qaSi5MdrXtd6R08kvs2qCN4C09miupktDitvh8jRFflwGFBQcxZRjbw=="],

    "@esbuild/freebsd-arm64": ["@esbuild/freebsd-arm64@0.21.5", "", { "os": "freebsd", "cpu": "arm64" }, "sha512-5JcRxxRDUJLX8JXp/wcBCy3pENnCgBR9bN6JsY4OmhfUtIHe3ZW0mawA7+RDAcMLrMIZaf03NlQiX9DGyB8h4g=="],

    "@esbuild/freebsd-x64": ["@esbuild/freebsd-x64@0.21.5", "", { "os": "freebsd", "cpu": "x64" }, "sha512-J95kNBj1zkbMXtHVH29bBriQygMXqoVQOQYA+ISs0/2l3T9/kj42ow2mpqerRBxDJnmkUDCaQT/dfNXWX/ZZCQ=="],

    "@esbuild/linux-arm": ["@esbuild/linux-arm@0.21.5", "", { "os": "linux", "cpu": "arm" }, "sha512-bPb5AHZtbeNGjCKVZ9UGqGwo8EUu4cLq68E95A53KlxAPRmUyYv2D6F0uUI65XisGOL1hBP5mTronbgo+0bFcA=="],

    "@esbuild/linux-arm64": ["@esbuild/linux-arm64@0.21.5", "", { "os": "linux", "cpu": "arm64" }, "sha512-ibKvmyYzKsBeX8d8I7MH/TMfWDXBF3db4qM6sy+7re0YXya+K1cem3on9XgdT2EQGMu4hQyZhan7TeQ8XkGp4Q=="],

    "@esbuild/linux-ia32": ["@esbuild/linux-ia32@0.21.5", "", { "os": "linux", "cpu": "ia32" }, "sha512-YvjXDqLRqPDl2dvRODYmmhz4rPeVKYvppfGYKSNGdyZkA01046pLWyRKKI3ax8fbJoK5QbxblURkwK/MWY18Tg=="],

    "@esbuild/linux-loong64": ["@esbuild/linux-loong64@0.21.5", "", { "os": "linux", "cpu": "none" }, "sha512-uHf1BmMG8qEvzdrzAqg2SIG/02+4/DHB6a9Kbya0XDvwDEKCoC8ZRWI5JJvNdUjtciBGFQ5PuBlpEOXQj+JQSg=="],

    "@esbuild/linux-mips64el": ["@esbuild/linux-mips64el@0.21.5", "", { "os": "linux", "cpu": "none" }, "sha512-IajOmO+KJK23bj52dFSNCMsz1QP1DqM6cwLUv3W1QwyxkyIWecfafnI555fvSGqEKwjMXVLokcV5ygHW5b3Jbg=="],

    "@esbuild/linux-ppc64": ["@esbuild/linux-ppc64@0.21.5", "", { "os": "linux", "cpu": "ppc64" }, "sha512-1hHV/Z4OEfMwpLO8rp7CvlhBDnjsC3CttJXIhBi+5Aj5r+MBvy4egg7wCbe//hSsT+RvDAG7s81tAvpL2XAE4w=="],

    "@esbuild/linux-riscv64": ["@esbuild/linux-riscv64@0.21.5", "", { "os": "linux", "cpu": "none" }, "sha512-2HdXDMd9GMgTGrPWnJzP2ALSokE/0O5HhTUvWIbD3YdjME8JwvSCnNGBnTThKGEB91OZhzrJ4qIIxk/SBmyDDA=="],

    "@esbuild/linux-s390x": ["@esbuild/linux-s390x@0.21.5", "", { "os": "linux", "cpu": "s390x" }, "sha512-zus5sxzqBJD3eXxwvjN1yQkRepANgxE9lgOW2qLnmr8ikMTphkjgXu1HR01K4FJg8h1kEEDAqDcZQtbrRnB41A=="],

    "@esbuild/linux-x64": ["@esbuild/linux-x64@0.21.5", "", { "os": "linux", "cpu": "x64" }, "sha512-1rYdTpyv03iycF1+BhzrzQJCdOuAOtaqHTWJZCWvijKD2N5Xu0TtVC8/+1faWqcP9iBCWOmjmhoH94dH82BxPQ=="],

    "@esbuild/netbsd-x64": ["@esbuild/netbsd-x64@0.21.5", "", { "os": "none", "cpu": "x64" }, "sha512-Woi2MXzXjMULccIwMnLciyZH4nCIMpWQAs049KEeMvOcNADVxo0UBIQPfSmxB3CWKedngg7sWZdLvLczpe0tLg=="],

    "@esbuild/openbsd-x64": ["@esbuild/openbsd-x64@0.21.5", "", { "os": "openbsd", "cpu": "x64" }, "sha512-HLNNw99xsvx12lFBUwoT8EVCsSvRNDVxNpjZ7bPn947b8gJPzeHWyNVhFsaerc0n3TsbOINvRP2byTZ5LKezow=="],

    "@esbuild/sunos-x64": ["@esbuild/sunos-x64@0.21.5", "", { "os": "sunos", "cpu": "x64" }, "sha512-6+gjmFpfy0BHU5Tpptkuh8+uw3mnrvgs+dSPQXQOv3ekbordwnzTVEb4qnIvQcYXq6gzkyTnoZ9dZG+D4garKg=="],

    "@esbuild/win32-arm64": ["@esbuild/win32-arm64@0.21.5", "", { "os": "win32", "cpu": "arm64" }, "sha512-Z0gOTd75VvXqyq7nsl93zwahcTROgqvuAcYDUr+vOv8uHhNSKROyU961kgtCD1e95IqPKSQKH7tBTslnS3tA8A=="],

    "@esbuild/win32-ia32": ["@esbuild/win32-ia32@0.21.5", "", { "os": "win32", "cpu": "ia32" }, "sha512-SWXFF1CL2RVNMaVs+BBClwtfZSvDgtL//G/smwAc5oVK/UPu2Gu9tIaRgFmYFFKrmg3SyAjSrElf0TiJ1v8fYA=="],

    "@esbuild/win32-x64": ["@esbuild/win32-x64@0.21.5", "", { "os": "win32", "cpu": "x64" }, "sha512-tQd/1efJuzPC6rCFwEvLtci/xNFcTZknmXs98FYDfGE4wP9ClFV98nyKrzJKVPMhdDnjzLhdUyMX4PsQAPjwIw=="],

    "@jest/schemas": ["@jest/schemas@29.6.3", "", { "dependencies": { "@sinclair/typebox": "^0.27.8" } }, "sha512-mo5j5X+jIZmJQveBKeS/clAueipV7KgiX1vMgCxam1RNYiqE1w62n0/tJJnHtjW8ZHcQco5gY85jA3mi0L+nSA=="],

    "@jridgewell/sourcemap-codec": ["@jridgewell/sourcemap-codec@1.5.0", "", {}, "sha512-gv3ZRaISU3fjPAgNsriBRqGWQL6quFx04YMPW/zD8XMLsU32mhCCbfbO6KZFLjvYpCZ8zyDEgqsgf+PwPaM7GQ=="],

    "@msgpackr-extract/msgpackr-extract-darwin-arm64": ["@msgpackr-extract/msgpackr-extract-darwin-arm64@3.0.3", "", { "os": "darwin", "cpu": "arm64" }, "sha512-QZHtlVgbAdy2zAqNA9Gu1UpIuI8Xvsd1v8ic6B2pZmeFnFcMWiPLfWXh7TVw4eGEZ/C9TH281KwhVoeQUKbyjw=="],

    "@msgpackr-extract/msgpackr-extract-darwin-x64": ["@msgpackr-extract/msgpackr-extract-darwin-x64@3.0.3", "", { "os": "darwin", "cpu": "x64" }, "sha512-mdzd3AVzYKuUmiWOQ8GNhl64/IoFGol569zNRdkLReh6LRLHOXxU4U8eq0JwaD8iFHdVGqSy4IjFL4reoWCDFw=="],

    "@msgpackr-extract/msgpackr-extract-linux-arm": ["@msgpackr-extract/msgpackr-extract-linux-arm@3.0.3", "", { "os": "linux", "cpu": "arm" }, "sha512-fg0uy/dG/nZEXfYilKoRe7yALaNmHoYeIoJuJ7KJ+YyU2bvY8vPv27f7UKhGRpY6euFYqEVhxCFZgAUNQBM3nw=="],

    "@msgpackr-extract/msgpackr-extract-linux-arm64": ["@msgpackr-extract/msgpackr-extract-linux-arm64@3.0.3", "", { "os": "linux", "cpu": "arm64" }, "sha512-YxQL+ax0XqBJDZiKimS2XQaf+2wDGVa1enVRGzEvLLVFeqa5kx2bWbtcSXgsxjQB7nRqqIGFIcLteF/sHeVtQg=="],

    "@msgpackr-extract/msgpackr-extract-linux-x64": ["@msgpackr-extract/msgpackr-extract-linux-x64@3.0.3", "", { "os": "linux", "cpu": "x64" }, "sha512-cvwNfbP07pKUfq1uH+S6KJ7dT9K8WOE4ZiAcsrSes+UY55E/0jLYc+vq+DO7jlmqRb5zAggExKm0H7O/CBaesg=="],

    "@msgpackr-extract/msgpackr-extract-win32-x64": ["@msgpackr-extract/msgpackr-extract-win32-x64@3.0.3", "", { "os": "win32", "cpu": "x64" }, "sha512-x0fWaQtYp4E6sktbsdAqnehxDgEc/VwM7uLsRCYWaiGu0ykYdZPiS8zCWdnjHwyiumousxfBm4SO31eXqwEZhQ=="],

    "@opentelemetry/semantic-conventions": ["@opentelemetry/semantic-conventions@1.34.0", "", {}, "sha512-aKcOkyrorBGlajjRdVoJWHTxfxO1vCNHLJVlSDaRHDIdjU+pX8IYQPvPDkYiujKLbRnWU+1TBwEt0QRgSm4SGA=="],

    "@parcel/watcher": ["@parcel/watcher@2.5.1", "", { "dependencies": { "detect-libc": "^1.0.3", "is-glob": "^4.0.3", "micromatch": "^4.0.5", "node-addon-api": "^7.0.0" }, "optionalDependencies": { "@parcel/watcher-android-arm64": "2.5.1", "@parcel/watcher-darwin-arm64": "2.5.1", "@parcel/watcher-darwin-x64": "2.5.1", "@parcel/watcher-freebsd-x64": "2.5.1", "@parcel/watcher-linux-arm-glibc": "2.5.1", "@parcel/watcher-linux-arm-musl": "2.5.1", "@parcel/watcher-linux-arm64-glibc": "2.5.1", "@parcel/watcher-linux-arm64-musl": "2.5.1", "@parcel/watcher-linux-x64-glibc": "2.5.1", "@parcel/watcher-linux-x64-musl": "2.5.1", "@parcel/watcher-win32-arm64": "2.5.1", "@parcel/watcher-win32-ia32": "2.5.1", "@parcel/watcher-win32-x64": "2.5.1" } }, "sha512-dfUnCxiN9H4ap84DvD2ubjw+3vUNpstxa0TneY/Paat8a3R4uQZDLSvWjmznAY/DoahqTHl9V46HF/Zs3F29pg=="],

    "@parcel/watcher-android-arm64": ["@parcel/watcher-android-arm64@2.5.1", "", { "os": "android", "cpu": "arm64" }, "sha512-KF8+j9nNbUN8vzOFDpRMsaKBHZ/mcjEjMToVMJOhTozkDonQFFrRcfdLWn6yWKCmJKmdVxSgHiYvTCef4/qcBA=="],

    "@parcel/watcher-darwin-arm64": ["@parcel/watcher-darwin-arm64@2.5.1", "", { "os": "darwin", "cpu": "arm64" }, "sha512-eAzPv5osDmZyBhou8PoF4i6RQXAfeKL9tjb3QzYuccXFMQU0ruIc/POh30ePnaOyD1UXdlKguHBmsTs53tVoPw=="],

    "@parcel/watcher-darwin-x64": ["@parcel/watcher-darwin-x64@2.5.1", "", { "os": "darwin", "cpu": "x64" }, "sha512-1ZXDthrnNmwv10A0/3AJNZ9JGlzrF82i3gNQcWOzd7nJ8aj+ILyW1MTxVk35Db0u91oD5Nlk9MBiujMlwmeXZg=="],

    "@parcel/watcher-freebsd-x64": ["@parcel/watcher-freebsd-x64@2.5.1", "", { "os": "freebsd", "cpu": "x64" }, "sha512-SI4eljM7Flp9yPuKi8W0ird8TI/JK6CSxju3NojVI6BjHsTyK7zxA9urjVjEKJ5MBYC+bLmMcbAWlZ+rFkLpJQ=="],

    "@parcel/watcher-linux-arm-glibc": ["@parcel/watcher-linux-arm-glibc@2.5.1", "", { "os": "linux", "cpu": "arm" }, "sha512-RCdZlEyTs8geyBkkcnPWvtXLY44BCeZKmGYRtSgtwwnHR4dxfHRG3gR99XdMEdQ7KeiDdasJwwvNSF5jKtDwdA=="],

    "@parcel/watcher-linux-arm-musl": ["@parcel/watcher-linux-arm-musl@2.5.1", "", { "os": "linux", "cpu": "arm" }, "sha512-6E+m/Mm1t1yhB8X412stiKFG3XykmgdIOqhjWj+VL8oHkKABfu/gjFj8DvLrYVHSBNC+/u5PeNrujiSQ1zwd1Q=="],

    "@parcel/watcher-linux-arm64-glibc": ["@parcel/watcher-linux-arm64-glibc@2.5.1", "", { "os": "linux", "cpu": "arm64" }, "sha512-LrGp+f02yU3BN9A+DGuY3v3bmnFUggAITBGriZHUREfNEzZh/GO06FF5u2kx8x+GBEUYfyTGamol4j3m9ANe8w=="],

    "@parcel/watcher-linux-arm64-musl": ["@parcel/watcher-linux-arm64-musl@2.5.1", "", { "os": "linux", "cpu": "arm64" }, "sha512-cFOjABi92pMYRXS7AcQv9/M1YuKRw8SZniCDw0ssQb/noPkRzA+HBDkwmyOJYp5wXcsTrhxO0zq1U11cK9jsFg=="],

    "@parcel/watcher-linux-x64-glibc": ["@parcel/watcher-linux-x64-glibc@2.5.1", "", { "os": "linux", "cpu": "x64" }, "sha512-GcESn8NZySmfwlTsIur+49yDqSny2IhPeZfXunQi48DMugKeZ7uy1FX83pO0X22sHntJ4Ub+9k34XQCX+oHt2A=="],

    "@parcel/watcher-linux-x64-musl": ["@parcel/watcher-linux-x64-musl@2.5.1", "", { "os": "linux", "cpu": "x64" }, "sha512-n0E2EQbatQ3bXhcH2D1XIAANAcTZkQICBPVaxMeaCVBtOpBZpWJuf7LwyWPSBDITb7In8mqQgJ7gH8CILCURXg=="],

    "@parcel/watcher-win32-arm64": ["@parcel/watcher-win32-arm64@2.5.1", "", { "os": "win32", "cpu": "arm64" }, "sha512-RFzklRvmc3PkjKjry3hLF9wD7ppR4AKcWNzH7kXR7GUe0Igb3Nz8fyPwtZCSquGrhU5HhUNDr/mKBqj7tqA2Vw=="],

    "@parcel/watcher-win32-ia32": ["@parcel/watcher-win32-ia32@2.5.1", "", { "os": "win32", "cpu": "ia32" }, "sha512-c2KkcVN+NJmuA7CGlaGD1qJh1cLfDnQsHjE89E60vUEMlqduHGCdCLJCID5geFVM0dOtA3ZiIO8BoEQmzQVfpQ=="],

    "@parcel/watcher-win32-x64": ["@parcel/watcher-win32-x64@2.5.1", "", { "os": "win32", "cpu": "x64" }, "sha512-9lHBdJITeNR++EvSQVUcaZoWupyHfXe1jZvGZ06O/5MflPcuPLtEphScIBL+AiCWBO46tDSHzWyD0uDmmZqsgA=="],

    "@rollup/rollup-android-arm-eabi": ["@rollup/rollup-android-arm-eabi@4.42.0", "", { "os": "android", "cpu": "arm" }, "sha512-gldmAyS9hpj+H6LpRNlcjQWbuKUtb94lodB9uCz71Jm+7BxK1VIOo7y62tZZwxhA7j1ylv/yQz080L5WkS+LoQ=="],

    "@rollup/rollup-android-arm64": ["@rollup/rollup-android-arm64@4.42.0", "", { "os": "android", "cpu": "arm64" }, "sha512-bpRipfTgmGFdCZDFLRvIkSNO1/3RGS74aWkJJTFJBH7h3MRV4UijkaEUeOMbi9wxtxYmtAbVcnMtHTPBhLEkaw=="],

    "@rollup/rollup-darwin-arm64": ["@rollup/rollup-darwin-arm64@4.42.0", "", { "os": "darwin", "cpu": "arm64" }, "sha512-JxHtA081izPBVCHLKnl6GEA0w3920mlJPLh89NojpU2GsBSB6ypu4erFg/Wx1qbpUbepn0jY4dVWMGZM8gplgA=="],

    "@rollup/rollup-darwin-x64": ["@rollup/rollup-darwin-x64@4.42.0", "", { "os": "darwin", "cpu": "x64" }, "sha512-rv5UZaWVIJTDMyQ3dCEK+m0SAn6G7H3PRc2AZmExvbDvtaDc+qXkei0knQWcI3+c9tEs7iL/4I4pTQoPbNL2SA=="],

    "@rollup/rollup-freebsd-arm64": ["@rollup/rollup-freebsd-arm64@4.42.0", "", { "os": "freebsd", "cpu": "arm64" }, "sha512-fJcN4uSGPWdpVmvLuMtALUFwCHgb2XiQjuECkHT3lWLZhSQ3MBQ9pq+WoWeJq2PrNxr9rPM1Qx+IjyGj8/c6zQ=="],

    "@rollup/rollup-freebsd-x64": ["@rollup/rollup-freebsd-x64@4.42.0", "", { "os": "freebsd", "cpu": "x64" }, "sha512-CziHfyzpp8hJpCVE/ZdTizw58gr+m7Y2Xq5VOuCSrZR++th2xWAz4Nqk52MoIIrV3JHtVBhbBsJcAxs6NammOQ=="],

    "@rollup/rollup-linux-arm-gnueabihf": ["@rollup/rollup-linux-arm-gnueabihf@4.42.0", "", { "os": "linux", "cpu": "arm" }, "sha512-UsQD5fyLWm2Fe5CDM7VPYAo+UC7+2Px4Y+N3AcPh/LdZu23YcuGPegQly++XEVaC8XUTFVPscl5y5Cl1twEI4A=="],

    "@rollup/rollup-linux-arm-musleabihf": ["@rollup/rollup-linux-arm-musleabihf@4.42.0", "", { "os": "linux", "cpu": "arm" }, "sha512-/i8NIrlgc/+4n1lnoWl1zgH7Uo0XK5xK3EDqVTf38KvyYgCU/Rm04+o1VvvzJZnVS5/cWSd07owkzcVasgfIkQ=="],

    "@rollup/rollup-linux-arm64-gnu": ["@rollup/rollup-linux-arm64-gnu@4.42.0", "", { "os": "linux", "cpu": "arm64" }, "sha512-eoujJFOvoIBjZEi9hJnXAbWg+Vo1Ov8n/0IKZZcPZ7JhBzxh2A+2NFyeMZIRkY9iwBvSjloKgcvnjTbGKHE44Q=="],

    "@rollup/rollup-linux-arm64-musl": ["@rollup/rollup-linux-arm64-musl@4.42.0", "", { "os": "linux", "cpu": "arm64" }, "sha512-/3NrcOWFSR7RQUQIuZQChLND36aTU9IYE4j+TB40VU78S+RA0IiqHR30oSh6P1S9f9/wVOenHQnacs/Byb824g=="],

    "@rollup/rollup-linux-loongarch64-gnu": ["@rollup/rollup-linux-loongarch64-gnu@4.42.0", "", { "os": "linux", "cpu": "none" }, "sha512-O8AplvIeavK5ABmZlKBq9/STdZlnQo7Sle0LLhVA7QT+CiGpNVe197/t8Aph9bhJqbDVGCHpY2i7QyfEDDStDg=="],

    "@rollup/rollup-linux-powerpc64le-gnu": ["@rollup/rollup-linux-powerpc64le-gnu@4.42.0", "", { "os": "linux", "cpu": "ppc64" }, "sha512-6Qb66tbKVN7VyQrekhEzbHRxXXFFD8QKiFAwX5v9Xt6FiJ3BnCVBuyBxa2fkFGqxOCSGGYNejxd8ht+q5SnmtA=="],

    "@rollup/rollup-linux-riscv64-gnu": ["@rollup/rollup-linux-riscv64-gnu@4.42.0", "", { "os": "linux", "cpu": "none" }, "sha512-KQETDSEBamQFvg/d8jajtRwLNBlGc3aKpaGiP/LvEbnmVUKlFta1vqJqTrvPtsYsfbE/DLg5CC9zyXRX3fnBiA=="],

    "@rollup/rollup-linux-riscv64-musl": ["@rollup/rollup-linux-riscv64-musl@4.42.0", "", { "os": "linux", "cpu": "none" }, "sha512-qMvnyjcU37sCo/tuC+JqeDKSuukGAd+pVlRl/oyDbkvPJ3awk6G6ua7tyum02O3lI+fio+eM5wsVd66X0jQtxw=="],

    "@rollup/rollup-linux-s390x-gnu": ["@rollup/rollup-linux-s390x-gnu@4.42.0", "", { "os": "linux", "cpu": "s390x" }, "sha512-I2Y1ZUgTgU2RLddUHXTIgyrdOwljjkmcZ/VilvaEumtS3Fkuhbw4p4hgHc39Ypwvo2o7sBFNl2MquNvGCa55Iw=="],

    "@rollup/rollup-linux-x64-gnu": ["@rollup/rollup-linux-x64-gnu@4.42.0", "", { "os": "linux", "cpu": "x64" }, "sha512-Gfm6cV6mj3hCUY8TqWa63DB8Mx3NADoFwiJrMpoZ1uESbK8FQV3LXkhfry+8bOniq9pqY1OdsjFWNsSbfjPugw=="],

    "@rollup/rollup-linux-x64-musl": ["@rollup/rollup-linux-x64-musl@4.42.0", "", { "os": "linux", "cpu": "x64" }, "sha512-g86PF8YZ9GRqkdi0VoGlcDUb4rYtQKyTD1IVtxxN4Hpe7YqLBShA7oHMKU6oKTCi3uxwW4VkIGnOaH/El8de3w=="],

    "@rollup/rollup-win32-arm64-msvc": ["@rollup/rollup-win32-arm64-msvc@4.42.0", "", { "os": "win32", "cpu": "arm64" }, "sha512-+axkdyDGSp6hjyzQ5m1pgcvQScfHnMCcsXkx8pTgy/6qBmWVhtRVlgxjWwDp67wEXXUr0x+vD6tp5W4x6V7u1A=="],

    "@rollup/rollup-win32-ia32-msvc": ["@rollup/rollup-win32-ia32-msvc@4.42.0", "", { "os": "win32", "cpu": "ia32" }, "sha512-F+5J9pelstXKwRSDq92J0TEBXn2nfUrQGg+HK1+Tk7VOL09e0gBqUHugZv7SW4MGrYj41oNCUe3IKCDGVlis2g=="],

    "@rollup/rollup-win32-x64-msvc": ["@rollup/rollup-win32-x64-msvc@4.42.0", "", { "os": "win32", "cpu": "x64" }, "sha512-LpHiJRwkaVz/LqjHjK8LCi8osq7elmpwujwbXKNW88bM8eeGxavJIKKjkjpMHAh/2xfnrt1ZSnhTv41WYUHYmA=="],

    "@sinclair/typebox": ["@sinclair/typebox@0.27.8", "", {}, "sha512-+Fj43pSMwJs4KRrH/938Uf+uAELIgVBmQzg/q1YG10djyfA3TnrU8N8XzqCh/okZdszqBQTZf96idMfE5lnwTA=="],

    "@standard-schema/spec": ["@standard-schema/spec@1.0.0", "", {}, "sha512-m2bOd0f2RT9k8QJx1JN85cZYyH1RqFBdlwtkSlf4tBDYLCiiZnv1fIIwacK6cqwXavOydf0NPToMQgpKq+dVlA=="],

    "@types/estree": ["@types/estree@1.0.7", "", {}, "sha512-w28IoSUCJpidD/TGviZwwMJckNESJZXFu7NBZ5YJ4mEUnNraUn9Pm8HSZm/jDF1pDWYKspWE7oVphigUPRakIQ=="],

    "@types/node": ["@types/node@20.11.30", "", { "dependencies": { "undici-types": "~5.26.4" } }, "sha512-dHM6ZxwlmuZaRmUPfv1p+KrdD1Dci04FbdEm/9wEMouFqxYoFl5aMkt0VMAUtYRQDyYvD41WJLukhq/ha3YuTw=="],

    "@vitest/expect": ["@vitest/expect@1.4.0", "", { "dependencies": { "@vitest/spy": "1.4.0", "@vitest/utils": "1.4.0", "chai": "^4.3.10" } }, "sha512-Jths0sWCJZ8BxjKe+p+eKsoqev1/T8lYcrjavEaz8auEJ4jAVY0GwW3JKmdVU4mmNPLPHixh4GNXP7GFtAiDHA=="],

    "@vitest/runner": ["@vitest/runner@1.4.0", "", { "dependencies": { "@vitest/utils": "1.4.0", "p-limit": "^5.0.0", "pathe": "^1.1.1" } }, "sha512-EDYVSmesqlQ4RD2VvWo3hQgTJ7ZrFQ2VSJdfiJiArkCerDAGeyF1i6dHkmySqk573jLp6d/cfqCN+7wUB5tLgg=="],

    "@vitest/snapshot": ["@vitest/snapshot@1.4.0", "", { "dependencies": { "magic-string": "^0.30.5", "pathe": "^1.1.1", "pretty-format": "^29.7.0" } }, "sha512-saAFnt5pPIA5qDGxOHxJ/XxhMFKkUSBJmVt5VgDsAqPTX6JP326r5C/c9UuCMPoXNzuudTPsYDZCoJ5ilpqG2A=="],

    "@vitest/spy": ["@vitest/spy@1.4.0", "", { "dependencies": { "tinyspy": "^2.2.0" } }, "sha512-Ywau/Qs1DzM/8Uc+yA77CwSegizMlcgTJuYGAi0jujOteJOUf1ujunHThYo243KG9nAyWT3L9ifPYZ5+As/+6Q=="],

    "@vitest/utils": ["@vitest/utils@1.4.0", "", { "dependencies": { "diff-sequences": "^29.6.3", "estree-walker": "^3.0.3", "loupe": "^2.3.7", "pretty-format": "^29.7.0" } }, "sha512-mx3Yd1/6e2Vt/PUC98DcqTirtfxUyAZ32uK82r8rZzbtBeBo+nqgnjx/LvqQdWsrvNtm14VmurNgcf4nqY5gJg=="],

    "acorn": ["acorn@8.14.1", "", { "bin": { "acorn": "bin/acorn" } }, "sha512-OvQ/2pUDKmgfCg++xsTX1wGxfTaszcHVcTctW4UJB4hibJx2HXxxO5UmVgyjMa+ZDsiaf5wWLXYpRWMmBI0QHg=="],

    "acorn-walk": ["acorn-walk@8.3.4", "", { "dependencies": { "acorn": "^8.11.0" } }, "sha512-ueEepnujpqee2o5aIYnvHU6C0A42MNdsIDeqy5BydrkuC5R1ZuUFnm27EeFJGoEHJQgn3uleRvmTXaJgfXbt4g=="],

    "ansi-styles": ["ansi-styles@5.2.0", "", {}, "sha512-Cxwpt2SfTzTtXcfOlzGEee8O+c+MmUgGrNiBcXnuWxuFJHe6a5Hz7qwhwe5OgaSYI0IJvkLqWX1ASG+cJOkEiA=="],

    "assertion-error": ["assertion-error@1.1.0", "", {}, "sha512-jgsaNduz+ndvGyFt3uSuWqvy4lCnIJiovtouQN5JZHOKCS2QuhEdbcQHFhVksz2N2U9hXJo8odG7ETyWlEeuDw=="],

    "braces": ["braces@3.0.3", "", { "dependencies": { "fill-range": "^7.1.1" } }, "sha512-yQbXgO/OSZVD2IsiLlro+7Hf6Q18EJrKSEsdoMzKePKXct3gvD8oLcOQdIzGupr5Fj+EDe8gO/lxc1BzfMpxvA=="],

    "cac": ["cac@6.7.14", "", {}, "sha512-b6Ilus+c3RrdDk+JhLKUAQfzzgLEPy6wcXqS7f/xe1EETvsDP6GORG7SFuOs6cID5YkqchW/LXZbX5bc8j7ZcQ=="],

    "chai": ["chai@4.5.0", "", { "dependencies": { "assertion-error": "^1.1.0", "check-error": "^1.0.3", "deep-eql": "^4.1.3", "get-func-name": "^2.0.2", "loupe": "^2.3.6", "pathval": "^1.1.1", "type-detect": "^4.1.0" } }, "sha512-RITGBfijLkBddZvnn8jdqoTypxvqbOLYQkGGxXzeFjVHvudaPw0HNFD9x928/eUwYWd2dPCugVqspGALTZZQKw=="],

    "check-error": ["check-error@1.0.3", "", { "dependencies": { "get-func-name": "^2.0.2" } }, "sha512-iKEoDYaRmd1mxM90a2OEfWhjsjPpYPuQ+lMYsoxB126+t8fw7ySEO48nmDg5COTjxDI65/Y2OWpeEHk3ZOe8zg=="],

    "confbox": ["confbox@0.1.8", "", {}, "sha512-RMtmw0iFkeR4YV+fUOSucriAQNb9g8zFR52MWCtl+cCZOFRNL6zeB395vPzFhEjjn4fMxXudmELnl/KF/WrK6w=="],

    "cross-spawn": ["cross-spawn@7.0.6", "", { "dependencies": { "path-key": "^3.1.0", "shebang-command": "^2.0.0", "which": "^2.0.1" } }, "sha512-uV2QOWP2nWzsy2aMp8aRibhi9dlzF5Hgh5SHaB9OiTGEyDTiJJyx0uy51QXdyWbtAHNua4XJzUKca3OzKUd3vA=="],

    "debug": ["debug@4.4.1", "", { "dependencies": { "ms": "^2.1.3" } }, "sha512-KcKCqiftBJcZr++7ykoDIEwSa3XWowTfNPo92BYxjXiyYEVrUQh2aLyhxBCwww+heortUFxEJYcRzosstTEBYQ=="],

    "deep-eql": ["deep-eql@4.1.4", "", { "dependencies": { "type-detect": "^4.0.0" } }, "sha512-SUwdGfqdKOwxCPeVYjwSyRpJ7Z+fhpwIAtmCUdZIWZ/YP5R9WAsyuSgpLVDi9bjWoN2LXHNss/dk3urXtdQxGg=="],

    "detect-libc": ["detect-libc@1.0.3", "", { "bin": { "detect-libc": "./bin/detect-libc.js" } }, "sha512-pGjwhsmsp4kL2RTz08wcOlGN83otlqHeD/Z5T8GXZB+/YcpQ/dgo+lbU8ZsGxV0HIvqqxo9l7mqYwyYMD9bKDg=="],

    "diff-sequences": ["diff-sequences@29.6.3", "", {}, "sha512-EjePK1srD3P08o2j4f0ExnylqRs5B9tJjcp9t1krH2qRi8CCdsYfwe9JgSLurFBWwq4uOlipzfk5fHNvwFKr8Q=="],

    "effect": ["effect@3.16.4", "", { "dependencies": { "@standard-schema/spec": "^1.0.0", "fast-check": "^3.23.1" } }, "sha512-zJo5MRPEMROLjTHyrOJs0PUeEnRLy0ABwum3+HWlP8Y9LNF+NjipIRldVAcjSVQpJ7vY/OEGBxzw0USPzTfWag=="],

    "esbuild": ["esbuild@0.21.5", "", { "optionalDependencies": { "@esbuild/aix-ppc64": "0.21.5", "@esbuild/android-arm": "0.21.5", "@esbuild/android-arm64": "0.21.5", "@esbuild/android-x64": "0.21.5", "@esbuild/darwin-arm64": "0.21.5", "@esbuild/darwin-x64": "0.21.5", "@esbuild/freebsd-arm64": "0.21.5", "@esbuild/freebsd-x64": "0.21.5", "@esbuild/linux-arm": "0.21.5", "@esbuild/linux-arm64": "0.21.5", "@esbuild/linux-ia32": "0.21.5", "@esbuild/linux-loong64": "0.21.5", "@esbuild/linux-mips64el": "0.21.5", "@esbuild/linux-ppc64": "0.21.5", "@esbuild/linux-riscv64": "0.21.5", "@esbuild/linux-s390x": "0.21.5", "@esbuild/linux-x64": "0.21.5", "@esbuild/netbsd-x64": "0.21.5", "@esbuild/openbsd-x64": "0.21.5", "@esbuild/sunos-x64": "0.21.5", "@esbuild/win32-arm64": "0.21.5", "@esbuild/win32-ia32": "0.21.5", "@esbuild/win32-x64": "0.21.5" }, "bin": { "esbuild": "bin/esbuild" } }, "sha512-mg3OPMV4hXywwpoDxu3Qda5xCKQi+vCTZq8S9J/EpkhB2HzKXq4SNFZE3+NK93JYxc8VMSep+lOUSC/RVKaBqw=="],

    "estree-walker": ["estree-walker@3.0.3", "", { "dependencies": { "@types/estree": "^1.0.0" } }, "sha512-7RUKfXgSMMkzt6ZuXmqapOurLGPPfgj6l9uRZ7lRGolvk0y2yocc35LdcxKC5PQZdn2DMqioAQ2NoWcrTKmm6g=="],

    "execa": ["execa@8.0.1", "", { "dependencies": { "cross-spawn": "^7.0.3", "get-stream": "^8.0.1", "human-signals": "^5.0.0", "is-stream": "^3.0.0", "merge-stream": "^2.0.0", "npm-run-path": "^5.1.0", "onetime": "^6.0.0", "signal-exit": "^4.1.0", "strip-final-newline": "^3.0.0" } }, "sha512-VyhnebXciFV2DESc+p6B+y0LjSm0krU4OgJN44qFAhBY0TJ+1V61tYD2+wHusZ6F9n5K+vl8k0sTy7PEfV4qpg=="],

    "fast-check": ["fast-check@3.23.2", "", { "dependencies": { "pure-rand": "^6.1.0" } }, "sha512-h5+1OzzfCC3Ef7VbtKdcv7zsstUQwUDlYpUTvjeUsJAssPgLn7QzbboPtL5ro04Mq0rPOsMzl7q5hIbRs2wD1A=="],

    "fill-range": ["fill-range@7.1.1", "", { "dependencies": { "to-regex-range": "^5.0.1" } }, "sha512-YsGpe3WHLK8ZYi4tWDg2Jy3ebRz2rXowDxnld4bkQB00cc/1Zw9AWnC0i9ztDJitivtQvaI9KaLyKrc+hBW0yg=="],

    "find-my-way-ts": ["find-my-way-ts@0.1.5", "", {}, "sha512-4GOTMrpGQVzsCH2ruUn2vmwzV/02zF4q+ybhCIrw/Rkt3L8KWcycdC6aJMctJzwN4fXD4SD5F/4B9Sksh5rE0A=="],

    "fsevents": ["fsevents@2.3.3", "", { "os": "darwin" }, "sha512-5xoDfX+fL7faATnagmWPpbFtwh/R77WmMMqqHGS65C3vvB0YHrgF+B1YmZ3441tMj5n63k0212XNoJwzlhffQw=="],

    "get-func-name": ["get-func-name@2.0.2", "", {}, "sha512-8vXOvuE167CtIc3OyItco7N/dpRtBbYOsPsXCz7X/PMnlGjYjSGuZJgM1Y7mmew7BKf9BqvLX2tnOVy1BBUsxQ=="],

    "get-stream": ["get-stream@8.0.1", "", {}, "sha512-VaUJspBffn/LMCJVoMvSAdmscJyS1auj5Zulnn5UoYcY531UWmdwhRWkcGKnGU93m5HSXP9LP2usOryrBtQowA=="],

    "human-signals": ["human-signals@5.0.0", "", {}, "sha512-AXcZb6vzzrFAUE61HnN4mpLqd/cSIwNQjtNWR0euPm6y0iqx3G4gOXaIDdtdDwZmhwe82LA6+zinmW4UBWVePQ=="],

    "ini": ["ini@4.1.3", "", {}, "sha512-X7rqawQBvfdjS10YU1y1YVreA3SsLrW9dX2CewP2EbBJM4ypVNLDkO5y04gejPwKIY9lR+7r9gn3rFPt/kmWFg=="],

    "is-extglob": ["is-extglob@2.1.1", "", {}, "sha512-SbKbANkN603Vi4jEZv49LeVJMn4yGwsbzZworEoyEiutsN3nJYdbO36zfhGJ6QEDpOZIFkDtnq5JRxmvl3jsoQ=="],

    "is-glob": ["is-glob@4.0.3", "", { "dependencies": { "is-extglob": "^2.1.1" } }, "sha512-xelSayHH36ZgE7ZWhli7pW34hNbNl8Ojv5KVmkJD4hBdD3th8Tfk9vYasLM+mXWOZhFkgZfxhLSnrwRr4elSSg=="],

    "is-number": ["is-number@7.0.0", "", {}, "sha512-41Cifkg6e8TylSpdtTpeLVMqvSBEVzTttHvERD741+pnZ8ANv0004MRL43QKPDlK9cGvNp6NZWZUBlbGXYxxng=="],

    "is-stream": ["is-stream@3.0.0", "", {}, "sha512-LnQR4bZ9IADDRSkvpqMGvt/tEJWclzklNgSw48V5EAaAeDd6qGvN8ei6k5p0tvxSR171VmGyHuTiAOfxAbr8kA=="],

    "isexe": ["isexe@2.0.0", "", {}, "sha512-RHxMLp9lnKHGHRng9QFhRCMbYAcVpn69smSGcq3f36xjgVVWThj4qqLbTLlq7Ssj8B+fIQ1EuCEGI2lKsyQeIw=="],

    "js-tokens": ["js-tokens@9.0.1", "", {}, "sha512-mxa9E9ITFOt0ban3j6L5MpjwegGz6lBQmM1IJkWeBZGcMxto50+eWdjC/52xDbS2vy0k7vIMK0Fe2wfL9OQSpQ=="],

    "local-pkg": ["local-pkg@0.5.1", "", { "dependencies": { "mlly": "^1.7.3", "pkg-types": "^1.2.1" } }, "sha512-9rrA30MRRP3gBD3HTGnC6cDFpaE1kVDWxWgqWJUN0RvDNAo+Nz/9GxB+nHOH0ifbVFy0hSA1V6vFDvnx54lTEQ=="],

    "loupe": ["loupe@2.3.7", "", { "dependencies": { "get-func-name": "^2.0.1" } }, "sha512-zSMINGVYkdpYSOBmLi0D1Uo7JU9nVdQKrHxC8eYlV+9YKK9WePqAlL7lSlorG/U2Fw1w0hTBmaa/jrQ3UbPHtA=="],

    "magic-string": ["magic-string@0.30.17", "", { "dependencies": { "@jridgewell/sourcemap-codec": "^1.5.0" } }, "sha512-sNPKHvyjVf7gyjwS4xGTaW/mCnF8wnjtifKBEhxfZ7E/S8tQ0rssrwGNn6q8JH/ohItJfSQp9mBtQYuTlH5QnA=="],

    "merge-stream": ["merge-stream@2.0.0", "", {}, "sha512-abv/qOcuPfk3URPfDzmZU1LKmuw8kT+0nIHvKrKgFrwifol/doWcdA4ZqsWQ8ENrFKkd67Mfpo/LovbIUsbt3w=="],

    "micromatch": ["micromatch@4.0.8", "", { "dependencies": { "braces": "^3.0.3", "picomatch": "^2.3.1" } }, "sha512-PXwfBhYu0hBCPw8Dn0E+WDYb7af3dSLVWKi3HGv84IdF4TyFoC0ysxFd0Goxw7nSv4T/PzEJQxsYsEiFCKo2BA=="],

    "mime": ["mime@3.0.0", "", { "bin": { "mime": "cli.js" } }, "sha512-jSCU7/VB1loIWBZe14aEYHU/+1UMEHoaO7qxCOVJOw9GgH72VAWppxNcjU+x9a2k3GSIBXNKxXQFqRvvZ7vr3A=="],

    "mimic-fn": ["mimic-fn@4.0.0", "", {}, "sha512-vqiC06CuhBTUdZH+RYl8sFrL096vA45Ok5ISO6sE/Mr1jRbGH4Csnhi8f3wKVl7x8mO4Au7Ir9D3Oyv1VYMFJw=="],

    "mlly": ["mlly@1.7.4", "", { "dependencies": { "acorn": "^8.14.0", "pathe": "^2.0.1", "pkg-types": "^1.3.0", "ufo": "^1.5.4" } }, "sha512-qmdSIPC4bDJXgZTCR7XosJiNKySV7O215tsPtDN9iEO/7q/76b/ijtgRu/+epFXSJhijtTCCGp3DWS549P3xKw=="],

    "ms": ["ms@2.1.3", "", {}, "sha512-6FlzubTLZG3J2a/NVCAleEhjzq5oxgHyaCU9yYXvcLsvoVaHJq/s5xXI6/XXP6tz7R9xAOtHnSO/tXtF3WRTlA=="],

    "msgpackr": ["msgpackr@1.11.4", "", { "optionalDependencies": { "msgpackr-extract": "^3.0.2" } }, "sha512-uaff7RG9VIC4jacFW9xzL3jc0iM32DNHe4jYVycBcjUePT/Klnfj7pqtWJt9khvDFizmjN2TlYniYmSS2LIaZg=="],

    "msgpackr-extract": ["msgpackr-extract@3.0.3", "", { "dependencies": { "node-gyp-build-optional-packages": "5.2.2" }, "optionalDependencies": { "@msgpackr-extract/msgpackr-extract-darwin-arm64": "3.0.3", "@msgpackr-extract/msgpackr-extract-darwin-x64": "3.0.3", "@msgpackr-extract/msgpackr-extract-linux-arm": "3.0.3", "@msgpackr-extract/msgpackr-extract-linux-arm64": "3.0.3", "@msgpackr-extract/msgpackr-extract-linux-x64": "3.0.3", "@msgpackr-extract/msgpackr-extract-win32-x64": "3.0.3" }, "bin": { "download-msgpackr-prebuilds": "bin/download-prebuilds.js" } }, "sha512-P0efT1C9jIdVRefqjzOQ9Xml57zpOXnIuS+csaB4MdZbTdmGDLo8XhzBG1N7aO11gKDDkJvBLULeFTo46wwreA=="],

    "multipasta": ["multipasta@0.2.5", "", {}, "sha512-c8eMDb1WwZcE02WVjHoOmUVk7fnKU/RmUcosHACglrWAuPQsEJv+E8430sXj6jNc1jHw0zrS16aCjQh4BcEb4A=="],

    "nanoid": ["nanoid@3.3.11", "", { "bin": { "nanoid": "bin/nanoid.cjs" } }, "sha512-N8SpfPUnUp1bK+PMYW8qSWdl9U+wwNWI4QKxOYDy9JAro3WMX7p2OeVRF9v+347pnakNevPmiHhNmZ2HbFA76w=="],

    "node-addon-api": ["node-addon-api@7.1.1", "", {}, "sha512-5m3bsyrjFWE1xf7nz7YXdN4udnVtXK6/Yfgn5qnahL6bCkf2yKt4k3nuTKAtT4r3IG8JNR2ncsIMdZuAzJjHQQ=="],

    "node-gyp-build-optional-packages": ["node-gyp-build-optional-packages@5.2.2", "", { "dependencies": { "detect-libc": "^2.0.1" }, "bin": { "node-gyp-build-optional-packages": "bin.js", "node-gyp-build-optional-packages-optional": "optional.js", "node-gyp-build-optional-packages-test": "build-test.js" } }, "sha512-s+w+rBWnpTMwSFbaE0UXsRlg7hU4FjekKU4eyAih5T8nJuNZT1nNsskXpxmeqSK9UzkBl6UgRlnKc8hz8IEqOw=="],

    "npm-run-path": ["npm-run-path@5.3.0", "", { "dependencies": { "path-key": "^4.0.0" } }, "sha512-ppwTtiJZq0O/ai0z7yfudtBpWIoxM8yE6nHi1X47eFR2EWORqfbu6CnPlNsjeN683eT0qG6H/Pyf9fCcvjnnnQ=="],

    "onetime": ["onetime@6.0.0", "", { "dependencies": { "mimic-fn": "^4.0.0" } }, "sha512-1FlR+gjXK7X+AsAHso35MnyN5KqGwJRi/31ft6x0M194ht7S+rWAvd7PHss9xSKMzE0asv1pyIHaJYq+BbacAQ=="],

    "p-limit": ["p-limit@5.0.0", "", { "dependencies": { "yocto-queue": "^1.0.0" } }, "sha512-/Eaoq+QyLSiXQ4lyYV23f14mZRQcXnxfHrN0vCai+ak9G0pp9iEQukIIZq5NccEvwRB8PUnZT0KsOoDCINS1qQ=="],

    "path-key": ["path-key@3.1.1", "", {}, "sha512-ojmeN0qd+y0jszEtoY48r0Peq5dwMEkIlCOu6Q5f41lfkswXuKtYrhgoTpLnyIcHm24Uhqx+5Tqm2InSwLhE6Q=="],

    "pathe": ["pathe@1.1.2", "", {}, "sha512-whLdWMYL2TwI08hn8/ZqAbrVemu0LNaNNJZX73O6qaIdCTfXutsLhMkjdENX0qhsQ9uIimo4/aQOmXkoon2nDQ=="],

    "pathval": ["pathval@1.1.1", "", {}, "sha512-Dp6zGqpTdETdR63lehJYPeIOqpiNBNtc7BpWSLrOje7UaIsE5aY92r/AunQA7rsXvet3lrJ3JnZX29UPTKXyKQ=="],

    "picocolors": ["picocolors@1.1.1", "", {}, "sha512-xceH2snhtb5M9liqDsmEw56le376mTZkEX/jEb/RxNFyegNul7eNslCXP9FDj/Lcu0X8KEyMceP2ntpaHrDEVA=="],

    "picomatch": ["picomatch@2.3.1", "", {}, "sha512-JU3teHTNjmE2VCGFzuY8EXzCDVwEqB2a8fsIvwaStHhAWJEeVd1o1QD80CU6+ZdEXXSLbSsuLwJjkCBWqRQUVA=="],

    "pkg-types": ["pkg-types@1.3.1", "", { "dependencies": { "confbox": "^0.1.8", "mlly": "^1.7.4", "pathe": "^2.0.1" } }, "sha512-/Jm5M4RvtBFVkKWRu2BLUTNP8/M2a+UwuAX+ae4770q1qVGtfjG+WTCupoZixokjmHiry8uI+dlY8KXYV5HVVQ=="],

    "postcss": ["postcss@8.5.4", "", { "dependencies": { "nanoid": "^3.3.11", "picocolors": "^1.1.1", "source-map-js": "^1.2.1" } }, "sha512-QSa9EBe+uwlGTFmHsPKokv3B/oEMQZxfqW0QqNCyhpa6mB1afzulwn8hihglqAb2pOw+BJgNlmXQ8la2VeHB7w=="],

    "pretty-format": ["pretty-format@29.7.0", "", { "dependencies": { "@jest/schemas": "^29.6.3", "ansi-styles": "^5.0.0", "react-is": "^18.0.0" } }, "sha512-Pdlw/oPxN+aXdmM9R00JVC9WVFoCLTKJvDVLgmJ+qAffBMxsV85l/Lu7sNx4zSzPyoL2euImuEwHhOXdEgNFZQ=="],

    "pure-rand": ["pure-rand@6.1.0", "", {}, "sha512-bVWawvoZoBYpp6yIoQtQXHZjmz35RSVHnUOTefl8Vcjr8snTPY1wnpSPMWekcFwbxI6gtmT7rSYPFvz71ldiOA=="],

    "react-is": ["react-is@18.3.1", "", {}, "sha512-/LLMVyas0ljjAtoYiPqYiL8VWXzUUdThrmU5+n20DZv+a+ClRoevUzw5JxU+Ieh5/c87ytoTBV9G1FiKfNJdmg=="],

    "rollup": ["rollup@4.42.0", "", { "dependencies": { "@types/estree": "1.0.7" }, "optionalDependencies": { "@rollup/rollup-android-arm-eabi": "4.42.0", "@rollup/rollup-android-arm64": "4.42.0", "@rollup/rollup-darwin-arm64": "4.42.0", "@rollup/rollup-darwin-x64": "4.42.0", "@rollup/rollup-freebsd-arm64": "4.42.0", "@rollup/rollup-freebsd-x64": "4.42.0", "@rollup/rollup-linux-arm-gnueabihf": "4.42.0", "@rollup/rollup-linux-arm-musleabihf": "4.42.0", "@rollup/rollup-linux-arm64-gnu": "4.42.0", "@rollup/rollup-linux-arm64-musl": "4.42.0", "@rollup/rollup-linux-loongarch64-gnu": "4.42.0", "@rollup/rollup-linux-powerpc64le-gnu": "4.42.0", "@rollup/rollup-linux-riscv64-gnu": "4.42.0", "@rollup/rollup-linux-riscv64-musl": "4.42.0", "@rollup/rollup-linux-s390x-gnu": "4.42.0", "@rollup/rollup-linux-x64-gnu": "4.42.0", "@rollup/rollup-linux-x64-musl": "4.42.0", "@rollup/rollup-win32-arm64-msvc": "4.42.0", "@rollup/rollup-win32-ia32-msvc": "4.42.0", "@rollup/rollup-win32-x64-msvc": "4.42.0", "fsevents": "~2.3.2" }, "bin": { "rollup": "dist/bin/rollup" } }, "sha512-LW+Vse3BJPyGJGAJt1j8pWDKPd73QM8cRXYK1IxOBgL2AGLu7Xd2YOW0M2sLUBCkF5MshXXtMApyEAEzMVMsnw=="],

    "shebang-command": ["shebang-command@2.0.0", "", { "dependencies": { "shebang-regex": "^3.0.0" } }, "sha512-kHxr2zZpYtdmrN1qDjrrX/Z1rR1kG8Dx+gkpK1G4eXmvXswmcE1hTWBWYUzlraYw1/yZp6YuDY77YtvbN0dmDA=="],

    "shebang-regex": ["shebang-regex@3.0.0", "", {}, "sha512-7++dFhtcx3353uBaq8DDR4NuxBetBzC7ZQOhmTQInHEd6bSrXdiEyzCvG07Z44UYdLShWUyXt5M/yhz8ekcb1A=="],

    "siginfo": ["siginfo@2.0.0", "", {}, "sha512-ybx0WO1/8bSBLEWXZvEd7gMW3Sn3JFlW3TvX1nREbDLRNQNaeNN8WK0meBwPdAaOI7TtRRRJn/Es1zhrrCHu7g=="],

    "signal-exit": ["signal-exit@4.1.0", "", {}, "sha512-bzyZ1e88w9O1iNJbKnOlvYTrWPDl46O1bG0D3XInv+9tkPrxrN8jUUTiFlDkkmKWgn1M6CfIA13SuGqOa9Korw=="],

    "source-map-js": ["source-map-js@1.2.1", "", {}, "sha512-UXWMKhLOwVKb728IUtQPXxfYU+usdybtUrK/8uGE8CQMvrhOpwvzDBwj0QhSL7MQc7vIsISBG8VQ8+IDQxpfQA=="],

    "stackback": ["stackback@0.0.2", "", {}, "sha512-1XMJE5fQo1jGH6Y/7ebnwPOBEkIEnT4QF32d5R1+VXdXveM0IBMJt8zfaxX1P3QhVwrYe+576+jkANtSS2mBbw=="],

    "std-env": ["std-env@3.9.0", "", {}, "sha512-UGvjygr6F6tpH7o2qyqR6QYpwraIjKSdtzyBdyytFOHmPZY917kwdwLG0RbOjWOnKmnm3PeHjaoLLMie7kPLQw=="],

    "strip-final-newline": ["strip-final-newline@3.0.0", "", {}, "sha512-dOESqjYr96iWYylGObzd39EuNTa5VJxyvVAEm5Jnh7KGo75V43Hk1odPQkNDyXNmUR6k+gEiDVXnjB8HJ3crXw=="],

    "strip-literal": ["strip-literal@2.1.1", "", { "dependencies": { "js-tokens": "^9.0.1" } }, "sha512-631UJ6O00eNGfMiWG78ck80dfBab8X6IVFB51jZK5Icd7XAs60Z5y7QdSd/wGIklnWvRbUNloVzhOKKmutxQ6Q=="],

    "tinybench": ["tinybench@2.9.0", "", {}, "sha512-0+DUvqWMValLmha6lr4kD8iAMK1HzV0/aKnCtWb9v9641TnP/MFb7Pc2bxoxQjTXAErryXVgUOfv2YqNllqGeg=="],

    "tinypool": ["tinypool@0.8.4", "", {}, "sha512-i11VH5gS6IFeLY3gMBQ00/MmLncVP7JLXOw1vlgkytLmJK7QnEr7NXf0LBdxfmNPAeyetukOk0bOYrJrFGjYJQ=="],

    "tinyspy": ["tinyspy@2.2.1", "", {}, "sha512-KYad6Vy5VDWV4GH3fjpseMQ/XU2BhIYP7Vzd0LG44qRWm/Yt2WCOTicFdvmgo6gWaqooMQCawTtILVQJupKu7A=="],

    "to-regex-range": ["to-regex-range@5.0.1", "", { "dependencies": { "is-number": "^7.0.0" } }, "sha512-65P7iz6X5yEr1cwcgvQxbbIw7Uk3gOy5dIdtZ4rDveLqhrdJP+Li/Hx6tyK0NEb+2GCyneCMJiGqrADCSNk8sQ=="],

    "toml": ["toml@3.0.0", "", {}, "sha512-y/mWCZinnvxjTKYhJ+pYxwD0mRLVvOtdS2Awbgxln6iEnt4rk0yBxeSBHkGJcPucRiG0e55mwWp+g/05rsrd6w=="],

    "type-detect": ["type-detect@4.1.0", "", {}, "sha512-Acylog8/luQ8L7il+geoSxhEkazvkslg7PSNKOX59mbB9cOveP5aq9h74Y7YU8yDpJwetzQQrfIwtf4Wp4LKcw=="],

    "typescript": ["typescript@5.4.3", "", { "bin": { "tsc": "bin/tsc", "tsserver": "bin/tsserver" } }, "sha512-KrPd3PKaCLr78MalgiwJnA25Nm8HAmdwN3mYUYZgG/wizIo9EainNVQI9/yDavtVFRN2h3k8uf3GLHuhDMgEHg=="],

    "ufo": ["ufo@1.6.1", "", {}, "sha512-9a4/uxlTWJ4+a5i0ooc1rU7C7YOw3wT+UGqdeNNHWnOF9qcMBgLRS+4IYUqbczewFx4mLEig6gawh7X6mFlEkA=="],

    "undici": ["undici@7.10.0", "", {}, "sha512-u5otvFBOBZvmdjWLVW+5DAc9Nkq8f24g0O9oY7qw2JVIF1VocIFoyz9JFkuVOS2j41AufeO0xnlweJ2RLT8nGw=="],

    "undici-types": ["undici-types@5.26.5", "", {}, "sha512-JlCMO+ehdEIKqlFxk6IfVoAUVmgz7cU7zD/h9XZ0qzeosSHmUJVOzSQvvYSYWXkFXC+IfLKSIffhv0sVZup6pA=="],

    "uuid": ["uuid@11.1.0", "", { "bin": { "uuid": "dist/esm/bin/uuid" } }, "sha512-0/A9rDy9P7cJ+8w1c9WD9V//9Wj15Ce2MPz8Ri6032usz+NfePxx5AcN3bN+r6ZL6jEo066/yNYB3tn4pQEx+A=="],

    "vite": ["vite@5.4.19", "", { "dependencies": { "esbuild": "^0.21.3", "postcss": "^8.4.43", "rollup": "^4.20.0" }, "optionalDependencies": { "fsevents": "~2.3.3" }, "peerDependencies": { "@types/node": "^18.0.0 || >=20.0.0", "less": "*", "lightningcss": "^1.21.0", "sass": "*", "sass-embedded": "*", "stylus": "*", "sugarss": "*", "terser": "^5.4.0" }, "optionalPeers": ["@types/node", "less", "lightningcss", "sass", "sass-embedded", "stylus", "sugarss", "terser"], "bin": { "vite": "bin/vite.js" } }, "sha512-qO3aKv3HoQC8QKiNSTuUM1l9o/XX3+c+VTgLHbJWHZGeTPVAg2XwazI9UWzoxjIJCGCV2zU60uqMzjeLZuULqA=="],

    "vite-node": ["vite-node@1.4.0", "", { "dependencies": { "cac": "^6.7.14", "debug": "^4.3.4", "pathe": "^1.1.1", "picocolors": "^1.0.0", "vite": "^5.0.0" }, "bin": { "vite-node": "vite-node.mjs" } }, "sha512-VZDAseqjrHgNd4Kh8icYHWzTKSCZMhia7GyHfhtzLW33fZlG9SwsB6CEhgyVOWkJfJ2pFLrp/Gj1FSfAiqH9Lw=="],

    "vitest": ["vitest@1.4.0", "", { "dependencies": { "@vitest/expect": "1.4.0", "@vitest/runner": "1.4.0", "@vitest/snapshot": "1.4.0", "@vitest/spy": "1.4.0", "@vitest/utils": "1.4.0", "acorn-walk": "^8.3.2", "chai": "^4.3.10", "debug": "^4.3.4", "execa": "^8.0.1", "local-pkg": "^0.5.0", "magic-string": "^0.30.5", "pathe": "^1.1.1", "picocolors": "^1.0.0", "std-env": "^3.5.0", "strip-literal": "^2.0.0", "tinybench": "^2.5.1", "tinypool": "^0.8.2", "vite": "^5.0.0", "vite-node": "1.4.0", "why-is-node-running": "^2.2.2" }, "peerDependencies": { "@edge-runtime/vm": "*", "@types/node": "^18.0.0 || >=20.0.0", "@vitest/browser": "1.4.0", "@vitest/ui": "1.4.0", "happy-dom": "*", "jsdom": "*" }, "optionalPeers": ["@edge-runtime/vm", "@types/node", "@vitest/browser", "@vitest/ui", "happy-dom", "jsdom"], "bin": { "vitest": "vitest.mjs" } }, "sha512-gujzn0g7fmwf83/WzrDTnncZt2UiXP41mHuFYFrdwaLRVQ6JYQEiME2IfEjU3vcFL3VKa75XhI3lFgn+hfVsQw=="],

    "which": ["which@2.0.2", "", { "dependencies": { "isexe": "^2.0.0" }, "bin": { "node-which": "./bin/node-which" } }, "sha512-BLI3Tl1TW3Pvl70l3yq3Y64i+awpwXqsGBYWkkqMtnbXgrMD+yj7rhW0kuEDxzJaYXGjEW5ogapKNMEKNMjibA=="],

    "why-is-node-running": ["why-is-node-running@2.3.0", "", { "dependencies": { "siginfo": "^2.0.0", "stackback": "0.0.2" }, "bin": { "why-is-node-running": "cli.js" } }, "sha512-hUrmaWBdVDcxvYqnyh09zunKzROWjbZTiNy8dBEjkS7ehEDQibXJ7XvlmtbwuTclUiIyN+CyXQD4Vmko8fNm8w=="],

    "ws": ["ws@8.18.2", "", { "peerDependencies": { "bufferutil": "^4.0.1", "utf-8-validate": ">=5.0.2" }, "optionalPeers": ["bufferutil", "utf-8-validate"] }, "sha512-DMricUmwGZUVr++AEAe2uiVM7UoO9MAVZMDu05UQOaUII0lp+zOzLLU4Xqh/JvTqklB1T4uELaaPBKyjE1r4fQ=="],

    "yaml": ["yaml@2.8.0", "", { "bin": { "yaml": "bin.mjs" } }, "sha512-4lLa/EcQCB0cJkyts+FpIRx5G/llPxfP6VQU5KByHEhLxY3IJCH0f0Hy1MHI8sClTvsIb8qwRJ6R/ZdlDJ/leQ=="],

    "yocto-queue": ["yocto-queue@1.2.1", "", {}, "sha512-AyeEbWOu/TAXdxlV9wmGcR0+yh2j3vYPGOECcIj2S7MkrLyC7ne+oye2BKTItt0ii2PHk4cDy+95+LshzbXnGg=="],

    "mlly/pathe": ["pathe@2.0.3", "", {}, "sha512-WUjGcAqP1gQacoQe+OBJsFA7Ld4DyXuUIjZ5cc75cLHvJ7dtNsTugphxIADwspS+AraAUePCKrSVtPLFj/F88w=="],

    "node-gyp-build-optional-packages/detect-libc": ["detect-libc@2.0.4", "", {}, "sha512-3UDv+G9CsCKO1WKMGw9fwq/SWJYbI0c5Y7LU1AXYoDdbhE2AHQ6N6Nb34sG8Fj7T5APy8qXDCKuuIHd1BR0tVA=="],

    "npm-run-path/path-key": ["path-key@4.0.0", "", {}, "sha512-haREypq7xkM7ErfgIyA0z+Bj4AGKlMSdlQE2jvJo6huWD1EdkKYV+G/T4nq0YEF2vgTT8kqMFKo1uHn950r4SQ=="],

    "pkg-types/pathe": ["pathe@2.0.3", "", {}, "sha512-WUjGcAqP1gQacoQe+OBJsFA7Ld4DyXuUIjZ5cc75cLHvJ7dtNsTugphxIADwspS+AraAUePCKrSVtPLFj/F88w=="],
  }
}
