{
  "lockfileVersion": 1,
  "workspaces": {
    "": {
      "name": "pdf-loader",
      "dependencies": {
        "effect": "^3.16.4",
        "qwen-ai-provider": "^0.1.0",
      },
      "devDependencies": {
        "typescript": "^5.8.3",
      },
    },
  },
  "packages": {
    "@ai-sdk/provider": ["@ai-sdk/provider@1.1.3", "", { "dependencies": { "json-schema": "^0.4.0" } }, "sha512-qZMxYJ0qqX/RfnuIaab+zp8UAeJn/ygXXAffR5I4N0n1IrvA6qBsjc8hXLmBiMV2zoXlifkacF7sEFnYnjBcqg=="],

    "@ai-sdk/provider-utils": ["@ai-sdk/provider-utils@2.2.8", "", { "dependencies": { "@ai-sdk/provider": "1.1.3", "nanoid": "^3.3.8", "secure-json-parse": "^2.7.0" }, "peerDependencies": { "zod": "^3.23.8" } }, "sha512-fqhG+4sCVv8x7nFzYnFo19ryhAa3w096Kmc3hWxMQfW/TubPOmt3A6tYZhl4mUfQWWQMsuSkLrtjlWuXBVSGQA=="],

    "@standard-schema/spec": ["@standard-schema/spec@1.0.0", "", {}, "sha512-m2bOd0f2RT9k8QJx1JN85cZYyH1RqFBdlwtkSlf4tBDYLCiiZnv1fIIwacK6cqwXavOydf0NPToMQgpKq+dVlA=="],

    "effect": ["effect@3.16.4", "", { "dependencies": { "@standard-schema/spec": "^1.0.0", "fast-check": "^3.23.1" } }, "sha512-zJo5MRPEMROLjTHyrOJs0PUeEnRLy0ABwum3+HWlP8Y9LNF+NjipIRldVAcjSVQpJ7vY/OEGBxzw0USPzTfWag=="],

    "fast-check": ["fast-check@3.23.2", "", { "dependencies": { "pure-rand": "^6.1.0" } }, "sha512-h5+1OzzfCC3Ef7VbtKdcv7zsstUQwUDlYpUTvjeUsJAssPgLn7QzbboPtL5ro04Mq0rPOsMzl7q5hIbRs2wD1A=="],

    "json-schema": ["json-schema@0.4.0", "", {}, ""],

    "nanoid": ["nanoid@3.3.9", "", { "bin": "bin/nanoid.cjs" }, ""],

    "pure-rand": ["pure-rand@6.1.0", "", {}, "sha512-bVWawvoZoBYpp6yIoQtQXHZjmz35RSVHnUOTefl8Vcjr8snTPY1wnpSPMWekcFwbxI6gtmT7rSYPFvz71ldiOA=="],

    "qwen-ai-provider": ["qwen-ai-provider@0.1.0", "", { "dependencies": { "@ai-sdk/provider": "^1.0.7", "@ai-sdk/provider-utils": "^2.1.6" }, "peerDependencies": { "zod": "^3.24.1" } }, "sha512-ylzb71U0WreJPyNOHJTwXvE9+jVSsFhnam5aDfB7hBSUuEajYFIGcvhhuQUgUE43OIpxINMgGHKSicpwJ8x/XQ=="],

    "secure-json-parse": ["secure-json-parse@2.7.0", "", {}, ""],

    "typescript": ["typescript@5.8.3", "", { "bin": { "tsc": "bin/tsc", "tsserver": "bin/tsserver" } }, "sha512-p1diW6TqL9L07nNxvRMM7hMMw4c5XOo/1ibL4aAIGmSAt9slTE1Xgw5KWuof2uTOvCg9BY7ZRi+GaF+7sfgPeQ=="],

    "zod": ["zod@3.25.49", "", {}, "sha512-JMMPMy9ZBk3XFEdbM3iL1brx4NUSejd6xr3ELrrGEfGb355gjhiAWtG3K5o+AViV/3ZfkIrCzXsZn6SbLwTR8Q=="],
  }
}
